
Microsoft Visual Studio Solution File, Format Version 12.00
# Visual Studio 2012
Project("{FAE04EC0-301F-11D3-BF4B-00C04F79EFBC}") = "TokenAuthenticationServer", "TokenAuthenticationServer\TokenAuthenticationServer.csproj", "{17A3DB12-D7BA-4C52-AA15-3D32BBD96CF5}"
EndProject
Project("{FAE04EC0-301F-11D3-BF4B-00C04F79EFBC}") = "TokenAuth.Models", "TokenAuth.Models\TokenAuth.Models.csproj", "{E659DA53-BD61-4B62-8A0F-4046BCF2A6D4}"
EndProject
Project("{FAE04EC0-301F-11D3-BF4B-00C04F79EFBC}") = "TokenAuth.UserManager", "TokenAuth.UserManager\TokenAuth.UserManager.csproj", "{65AC74F1-D5D3-4992-8EAA-FA377D77C8B5}"
EndProject
Project("{FAE04EC0-301F-11D3-BF4B-00C04F79EFBC}") = "TokenAuth.Contracts", "TokenAuth.Contracts\TokenAuth.Contracts.csproj", "{8B318DE6-A6D4-477C-8999-9BA295B9489B}"
EndProject
Global
	GlobalSection(SolutionConfigurationPlatforms) = preSolution
		Debug|Any CPU = Debug|Any CPU
		Release|Any CPU = Release|Any CPU
	EndGlobalSection
	GlobalSection(ProjectConfigurationPlatforms) = postSolution
		{17A3DB12-D7BA-4C52-AA15-3D32BBD96CF5}.Debug|Any CPU.ActiveCfg = Debug|Any CPU
		{17A3DB12-D7BA-4C52-AA15-3D32BBD96CF5}.Debug|Any CPU.Build.0 = Debug|Any CPU
		{17A3DB12-D7BA-4C52-AA15-3D32BBD96CF5}.Release|Any CPU.ActiveCfg = Release|Any CPU
		{17A3DB12-D7BA-4C52-AA15-3D32BBD96CF5}.Release|Any CPU.Build.0 = Release|Any CPU
		{E659DA53-BD61-4B62-8A0F-4046BCF2A6D4}.Debug|Any CPU.ActiveCfg = Debug|Any CPU
		{E659DA53-BD61-4B62-8A0F-4046BCF2A6D4}.Debug|Any CPU.Build.0 = Debug|Any CPU
		{E659DA53-BD61-4B62-8A0F-4046BCF2A6D4}.Release|Any CPU.ActiveCfg = Release|Any CPU
		{E659DA53-BD61-4B62-8A0F-4046BCF2A6D4}.Release|Any CPU.Build.0 = Release|Any CPU
		{65AC74F1-D5D3-4992-8EAA-FA377D77C8B5}.Debug|Any CPU.ActiveCfg = Debug|Any CPU
		{65AC74F1-D5D3-4992-8EAA-FA377D77C8B5}.Debug|Any CPU.Build.0 = Debug|Any CPU
		{65AC74F1-D5D3-4992-8EAA-FA377D77C8B5}.Release|Any CPU.ActiveCfg = Release|Any CPU
		{65AC74F1-D5D3-4992-8EAA-FA377D77C8B5}.Release|Any CPU.Build.0 = Release|Any CPU
		{8B318DE6-A6D4-477C-8999-9BA295B9489B}.Debug|Any CPU.ActiveCfg = Debug|Any CPU
		{8B318DE6-A6D4-477C-8999-9BA295B9489B}.Debug|Any CPU.Build.0 = Debug|Any CPU
		{8B318DE6-A6D4-477C-8999-9BA295B9489B}.Release|Any CPU.ActiveCfg = Release|Any CPU
		{8B318DE6-A6D4-477C-8999-9BA295B9489B}.Release|Any CPU.Build.0 = Release|Any CPU
	EndGlobalSection
EndGlobal
